
Microsoft Visual Studio Solution File, Format Version 12.00
# Visual Studio Version 16
VisualStudioVersion = 16.0.30907.101
MinimumVisualStudioVersion = 10.0.40219.1
Project("{FAE04EC0-301F-11D3-BF4B-00C04F79EFBC}") = "Business", "Business\Business.csproj", "{BCA16105-9011-423D-92AF-29817FC64507}"
EndProject
Project("{FAE04EC0-301F-11D3-BF4B-00C04F79EFBC}") = "DataAccess", "DataAccess\DataAccess.csproj", "{29BFDEDE-79AF-4282-A8F2-7A123CBFDFFB}"
EndProject
Project("{FAE04EC0-301F-11D3-BF4B-00C04F79EFBC}") = "Entities", "Entities\Entities.csproj", "{A0455E2A-2AD6-44DA-9DD1-3E230455937F}"
EndProject
Project("{FAE04EC0-301F-11D3-BF4B-00C04F79EFBC}") = "ConsoleUI", "ConsoleUI\ConsoleUI.csproj", "{FBEF14D5-874D-4A24-A7BF-42F0B9B63D4A}"
EndProject
Global
	GlobalSection(SolutionConfigurationPlatforms) = preSolution
		Debug|Any CPU = Debug|Any CPU
		Release|Any CPU = Release|Any CPU
	EndGlobalSection
	GlobalSection(ProjectConfigurationPlatforms) = postSolution
		{BCA16105-9011-423D-92AF-29817FC64507}.Debug|Any CPU.ActiveCfg = Debug|Any CPU
		{BCA16105-9011-423D-92AF-29817FC64507}.Debug|Any CPU.Build.0 = Debug|Any CPU
		{BCA16105-9011-423D-92AF-29817FC64507}.Release|Any CPU.ActiveCfg = Release|Any CPU
		{BCA16105-9011-423D-92AF-29817FC64507}.Release|Any CPU.Build.0 = Release|Any CPU
		{29BFDEDE-79AF-4282-A8F2-7A123CBFDFFB}.Debug|Any CPU.ActiveCfg = Debug|Any CPU
		{29BFDEDE-79AF-4282-A8F2-7A123CBFDFFB}.Debug|Any CPU.Build.0 = Debug|Any CPU
		{29BFDEDE-79AF-4282-A8F2-7A123CBFDFFB}.Release|Any CPU.ActiveCfg = Release|Any CPU
		{29BFDEDE-79AF-4282-A8F2-7A123CBFDFFB}.Release|Any CPU.Build.0 = Release|Any CPU
		{A0455E2A-2AD6-44DA-9DD1-3E230455937F}.Debug|Any CPU.ActiveCfg = Debug|Any CPU
		{A0455E2A-2AD6-44DA-9DD1-3E230455937F}.Debug|Any CPU.Build.0 = Debug|Any CPU
		{A0455E2A-2AD6-44DA-9DD1-3E230455937F}.Release|Any CPU.ActiveCfg = Release|Any CPU
		{A0455E2A-2AD6-44DA-9DD1-3E230455937F}.Release|Any CPU.Build.0 = Release|Any CPU
		{FBEF14D5-874D-4A24-A7BF-42F0B9B63D4A}.Debug|Any CPU.ActiveCfg = Debug|Any CPU
		{FBEF14D5-874D-4A24-A7BF-42F0B9B63D4A}.Debug|Any CPU.Build.0 = Debug|Any CPU
		{FBEF14D5-874D-4A24-A7BF-42F0B9B63D4A}.Release|Any CPU.ActiveCfg = Release|Any CPU
		{FBEF14D5-874D-4A24-A7BF-42F0B9B63D4A}.Release|Any CPU.Build.0 = Release|Any CPU
	EndGlobalSection
	GlobalSection(SolutionProperties) = preSolution
		HideSolutionNode = FALSE
	EndGlobalSection
	GlobalSection(ExtensibilityGlobals) = postSolution
		SolutionGuid = {EAFED9AC-52E7-457C-8374-354C801468B7}
	EndGlobalSection
EndGlobal
